PODS:
  - Clarity (3.3.5)
  - dojah_kyc_sdk_flutter (0.0.5):
    - DojahWidget
    - Flutter
  - DojahWidget (1.0.9):
    - Clarity
    - GooglePlaces (~> 8.5.0)
    - HorizonCalendar (~> 1.16.0)
    - IQKeyboardManagerSwift (~> 7.1.1)
    - Kingfisher (~> 7.12.0)
    - lottie-ios (~> 4.5.2)
    - RealmSwift (~> 10.52.2)
  - Flutter (1.0.0)
  - GooglePlaces (8.5.0)
  - HorizonCalendar (1.16.0)
  - integration_test (0.0.1):
    - Flutter
  - IQKeyboardManagerSwift (7.1.1)
  - Kingfisher (7.12.0)
  - lottie-ios (4.5.2)
  - Realm (10.52.3):
    - Realm/Headers (= 10.52.3)
  - Realm/Headers (10.52.3)
  - RealmSwift (10.52.3):
    - Realm (= 10.52.3)

DEPENDENCIES:
  - dojah_kyc_sdk_flutter (from `.symlinks/plugins/dojah_kyc_sdk_flutter/ios`)
  - DojahWidget (from `https://github.com/dojah-inc/sdk-swift.git`, branch `pod-package-dev`)
  - Flutter (from `Flutter`)
  - integration_test (from `.symlinks/plugins/integration_test/ios`)
  - Realm (~> 10.52.2)

SPEC REPOS:
  trunk:
    - Clarity
    - GooglePlaces
    - HorizonCalendar
    - IQKeyboardManagerSwift
    - Kingfisher
    - lottie-ios
    - Realm
    - RealmSwift

EXTERNAL SOURCES:
  dojah_kyc_sdk_flutter:
    :path: ".symlinks/plugins/dojah_kyc_sdk_flutter/ios"
  DojahWidget:
    :branch: pod-package-dev
    :git: https://github.com/dojah-inc/sdk-swift.git
  Flutter:
    :path: Flutter
  integration_test:
    :path: ".symlinks/plugins/integration_test/ios"

CHECKOUT OPTIONS:
  DojahWidget:
    :commit: aff075348412192a28ccda247bc2372f666faa7a
    :git: https://github.com/dojah-inc/sdk-swift.git

SPEC CHECKSUMS:
  Clarity: fbd41ffa7b3c925ffb092a717c2dd896c39eff72
  dojah_kyc_sdk_flutter: 473995e92048019f8e921ba27a449cd346495392
  DojahWidget: aac4a24949b55c476a8d9b83638b6c317dcc2f4a
  Flutter: cabc95a1d2626b1b06e7179b784ebcf0c0cde467
  GooglePlaces: 426efb69051e7b460e16300ba63598687d10fa1a
  HorizonCalendar: 90d7281cf1cd0cb3fae1d3e53f6f7fd24fda5a0e
  integration_test: 4a889634ef21a45d28d50d622cf412dc6d9f586e
  IQKeyboardManagerSwift: d7f3d3a562c237a0e7335e657cd598c452f57f1b
  Kingfisher: 53a10ea35051a436b5fb626ca2dd8f3144d755e9
  lottie-ios: 96784afc26ea031d3e2b6cae342a4b8915072489
  Realm: f9d340f510309e52a393d65c56103ef524d88a43
  RealmSwift: 673454b09bc096853ee530e824847f38cdc21243

PODFILE CHECKSUM: 9921c01206a7696a6005c0d8c7abc43e39b74c7b

COCOAPODS: 1.16.2
